
Microsoft Visual Studio Solution File, Format Version 12.00
# Visual Studio Version 17
VisualStudioVersion = 17.11.35327.3
MinimumVisualStudioVersion = 10.0.40219.1
Project("{FAE04EC0-301F-11D3-BF4B-00C04F79EFBC}") = "A LIÊM_SHOP", "A LIÊM_SHOP\A LIÊM_SHOP.csproj", "{05354571-25B8-4083-9E64-3A9F7C2E20EA}"
EndProject
Global
	GlobalSection(SolutionConfigurationPlatforms) = preSolution
		Debug|Any CPU = Debug|Any CPU
		Release|Any CPU = Release|Any CPU
	EndGlobalSection
	GlobalSection(ProjectConfigurationPlatforms) = postSolution
		{05354571-25B8-4083-9E64-3A9F7C2E20EA}.Debug|Any CPU.ActiveCfg = Debug|Any CPU
		{05354571-25B8-4083-9E64-3A9F7C2E20EA}.Debug|Any CPU.Build.0 = Debug|Any CPU
		{05354571-25B8-4083-9E64-3A9F7C2E20EA}.Release|Any CPU.ActiveCfg = Release|Any CPU
		{05354571-25B8-4083-9E64-3A9F7C2E20EA}.Release|Any CPU.Build.0 = Release|Any CPU
	EndGlobalSection
	GlobalSection(SolutionProperties) = preSolution
		HideSolutionNode = FALSE
	EndGlobalSection
	GlobalSection(ExtensibilityGlobals) = postSolution
		SolutionGuid = {E772F3C9-E7DA-43F3-86E2-FBD5A72D320F}
	EndGlobalSection
EndGlobal
